
Microsoft Visual Studio Solution File, Format Version 12.00
# Visual Studio Version 16
VisualStudioVersion = 16.0.29806.167
MinimumVisualStudioVersion = 10.0.40219.1
Project("{9A19103F-16F7-4668-BE54-9A1E7A4F7556}") = "Atlas.Test", "Atlas.Test\Atlas.Test.csproj", "{92803041-288C-446F-B793-4868F4476704}"
EndProject
Project("{9A19103F-16F7-4668-BE54-9A1E7A4F7556}") = "Atlas.Lib", "Atlas.Lib\Atlas.Lib.csproj", "{6A9EFE5C-C8AB-4D40-903E-ADB084A9396E}"
EndProject
Project("{9A19103F-16F7-4668-BE54-9A1E7A4F7556}") = "Atlas", "Atlas\Atlas.csproj", "{5B8B96CC-34D7-4B38-98FA-400FC6F96360}"
EndProject
Project("{FAE04EC0-301F-11D3-BF4B-00C04F79EFBC}") = "AtlasSite", "AtlasSite\AtlasSite.csproj", "{06B13B88-F742-4B8A-AF5C-893E530C6288}"
EndProject
Global
	GlobalSection(SolutionConfigurationPlatforms) = preSolution
		Debug|Any CPU = Debug|Any CPU
		Release|Any CPU = Release|Any CPU
	EndGlobalSection
	GlobalSection(ProjectConfigurationPlatforms) = postSolution
		{92803041-288C-446F-B793-4868F4476704}.Debug|Any CPU.ActiveCfg = Debug|Any CPU
		{92803041-288C-446F-B793-4868F4476704}.Debug|Any CPU.Build.0 = Debug|Any CPU
		{92803041-288C-446F-B793-4868F4476704}.Release|Any CPU.ActiveCfg = Release|Any CPU
		{92803041-288C-446F-B793-4868F4476704}.Release|Any CPU.Build.0 = Release|Any CPU
		{6A9EFE5C-C8AB-4D40-903E-ADB084A9396E}.Debug|Any CPU.ActiveCfg = Debug|Any CPU
		{6A9EFE5C-C8AB-4D40-903E-ADB084A9396E}.Debug|Any CPU.Build.0 = Debug|Any CPU
		{6A9EFE5C-C8AB-4D40-903E-ADB084A9396E}.Release|Any CPU.ActiveCfg = Release|Any CPU
		{6A9EFE5C-C8AB-4D40-903E-ADB084A9396E}.Release|Any CPU.Build.0 = Release|Any CPU
		{5B8B96CC-34D7-4B38-98FA-400FC6F96360}.Debug|Any CPU.ActiveCfg = Debug|Any CPU
		{5B8B96CC-34D7-4B38-98FA-400FC6F96360}.Debug|Any CPU.Build.0 = Debug|Any CPU
		{5B8B96CC-34D7-4B38-98FA-400FC6F96360}.Release|Any CPU.ActiveCfg = Release|Any CPU
		{5B8B96CC-34D7-4B38-98FA-400FC6F96360}.Release|Any CPU.Build.0 = Release|Any CPU
		{06B13B88-F742-4B8A-AF5C-893E530C6288}.Debug|Any CPU.ActiveCfg = Debug|Any CPU
		{06B13B88-F742-4B8A-AF5C-893E530C6288}.Debug|Any CPU.Build.0 = Debug|Any CPU
		{06B13B88-F742-4B8A-AF5C-893E530C6288}.Release|Any CPU.ActiveCfg = Release|Any CPU
		{06B13B88-F742-4B8A-AF5C-893E530C6288}.Release|Any CPU.Build.0 = Release|Any CPU
	EndGlobalSection
	GlobalSection(SolutionProperties) = preSolution
		HideSolutionNode = FALSE
	EndGlobalSection
	GlobalSection(ExtensibilityGlobals) = postSolution
		SolutionGuid = {B8FAC4A0-8278-4399-B172-89B5155111FB}
	EndGlobalSection
EndGlobal
