
Microsoft Visual Studio Solution File, Format Version 12.00
# Visual Studio Version 16
VisualStudioVersion = 16.0.29806.167
MinimumVisualStudioVersion = 10.0.40219.1
Project("{9A19103F-16F7-4668-BE54-9A1E7A4F7556}") = "P97.Warehouse.Surface", "P97.Warehouse.Surface\P97.Warehouse.Surface.csproj", "{693D9B0E-215D-4039-81F0-C2BE3A4B9D40}"
EndProject
Project("{9A19103F-16F7-4668-BE54-9A1E7A4F7556}") = "P97.Warehouse", "P97.Warehouse\P97.Warehouse.csproj", "{1E0A2460-77DA-461F-91BE-5119B611E293}"
EndProject
Project("{9A19103F-16F7-4668-BE54-9A1E7A4F7556}") = "P97.Warehouse.Test", "P97.Warehouse.Test\P97.Warehouse.Test.csproj", "{BFB2346F-1220-4AA4-B606-21808BBD06BF}"
EndProject
Project("{9A19103F-16F7-4668-BE54-9A1E7A4F7556}") = "P97.Warehouse.Microservice", "P97.Warehouse.Microservice\P97.Warehouse.Microservice.csproj", "{C465FEA2-AD9B-4C46-8689-D6ADA083FE61}"
EndProject
Project("{9A19103F-16F7-4668-BE54-9A1E7A4F7556}") = "P97.Display.Surface", "P97.Display.Surface\P97.Display.Surface.csproj", "{9D61E14D-E48C-4288-B7E3-D123A50CE339}"
EndProject
Project("{9A19103F-16F7-4668-BE54-9A1E7A4F7556}") = "P97.Display", "P97.Display\P97.Display.csproj", "{B6DAFF12-1ADD-404E-AAEA-D64C3992C0B4}"
EndProject
Project("{9A19103F-16F7-4668-BE54-9A1E7A4F7556}") = "P97.Display.Test", "P97.Display.Test\P97.Display.Test.csproj", "{2E0A0B33-5945-46F7-8C42-AB472EA187EB}"
EndProject
Project("{9A19103F-16F7-4668-BE54-9A1E7A4F7556}") = "P97.Display.Microservice", "P97.Display.Microservice\P97.Display.Microservice.csproj", "{B5972F26-12A1-465A-A1E6-9D63C9BECADB}"
EndProject
Project("{9A19103F-16F7-4668-BE54-9A1E7A4F7556}") = "P97.CactusMaterialSupplier.Surface", "P97.CactusMaterialSupplier.Surface\P97.CactusMaterialSupplier.Surface.csproj", "{2451218B-C7A8-431B-A6DF-204E369F5EC7}"
EndProject
Project("{9A19103F-16F7-4668-BE54-9A1E7A4F7556}") = "P97.CactusMaterialSupplier", "P97.CactusMaterialSupplier\P97.CactusMaterialSupplier.csproj", "{55719563-AAEC-470C-AC7D-AB360320AA0B}"
EndProject
Project("{9A19103F-16F7-4668-BE54-9A1E7A4F7556}") = "P97.CactusBuilder.Surface", "P97.CactusBuilder.Surface\P97.CactusBuilder.Surface.csproj", "{4187D541-7017-472D-A595-34CC750E8EAC}"
EndProject
Project("{9A19103F-16F7-4668-BE54-9A1E7A4F7556}") = "P97.CactusBuilder", "P97.CactusBuilder\P97.CactusBuilder.csproj", "{99782B9C-3621-4AD8-A7C9-6FB87B55A45A}"
EndProject
Project("{9A19103F-16F7-4668-BE54-9A1E7A4F7556}") = "P97.SnowmanMaterialSupplier.Surface", "P97.SnowmanMaterialSupplier.Surface\P97.SnowmanMaterialSupplier.Surface.csproj", "{EAE2965F-6350-4D1D-BC7D-CAB29782D869}"
EndProject
Project("{9A19103F-16F7-4668-BE54-9A1E7A4F7556}") = "P97.SnowmanMaterialSupplier", "P97.SnowmanMaterialSupplier\P97.SnowmanMaterialSupplier.csproj", "{FD72DED5-9A1B-4338-B037-2E595DDCB9B2}"
EndProject
Project("{9A19103F-16F7-4668-BE54-9A1E7A4F7556}") = "P97.SnowmanBuilder.Surface", "P97.SnowmanBuilder.Surface\P97.SnowmanBuilder.Surface.csproj", "{52192C4B-5682-43DE-A811-5509420D29C2}"
EndProject
Project("{9A19103F-16F7-4668-BE54-9A1E7A4F7556}") = "P97.SnowmanBuilder", "P97.SnowmanBuilder\P97.SnowmanBuilder.csproj", "{5508F94D-BFFF-4C8F-8B23-FCEA5E43271A}"
EndProject
Project("{9A19103F-16F7-4668-BE54-9A1E7A4F7556}") = "P97.Atlas.Surface", "P97.Atlas.Surface\P97.Atlas.Surface.csproj", "{88D8BE37-1CAC-4CC3-A553-28B3D173523C}"
EndProject
Project("{9A19103F-16F7-4668-BE54-9A1E7A4F7556}") = "P97.Atlas.States.Phoenix.Surface", "P97.Atlas.States.Phoenix.Surface\P97.Atlas.States.Phoenix.Surface.csproj", "{9740E3E9-3787-4132-B1F8-58321F1F57CF}"
EndProject
Project("{9A19103F-16F7-4668-BE54-9A1E7A4F7556}") = "P97.Atlas.States.Phoenix", "P97.Atlas.States.Phoenix\P97.Atlas.States.Phoenix.csproj", "{DDDFDCE1-51EF-44DA-A7C4-25B4F702A720}"
EndProject
Project("{9A19103F-16F7-4668-BE54-9A1E7A4F7556}") = "P97.Atlas.States.Phoenix.Microservice", "P97.Atlas.States.Phoenix.Microservice\P97.Atlas.States.Phoenix.Microservice.csproj", "{2DB358C9-7F46-478F-8889-74B2A4FB0AEC}"
EndProject
Project("{9A19103F-16F7-4668-BE54-9A1E7A4F7556}") = "P97.Atlas.States.Sapporo", "P97.Atlas.States.Sapporo\P97.Atlas.States.Sapporo.csproj", "{BD3BEFAD-7306-470C-9444-8156567A5EF3}"
EndProject
Project("{9A19103F-16F7-4668-BE54-9A1E7A4F7556}") = "P97.Atlas.States.Sapporo.Surface", "P97.Atlas.States.Sapporo.Surface\P97.Atlas.States.Sapporo.Surface.csproj", "{7B3775F8-4A06-4A2A-9A46-ED8A581AD49B}"
EndProject
Project("{9A19103F-16F7-4668-BE54-9A1E7A4F7556}") = "P97.Atlas.States.Sapporo.Microservice", "P97.Atlas.States.Sapporo.Microservice\P97.Atlas.States.Sapporo.Microservice.csproj", "{3F4927C9-FBE1-450C-A772-C7EF8A3B23D7}"
EndProject
Project("{9A19103F-16F7-4668-BE54-9A1E7A4F7556}") = "P97.Atlas.Federation.DeliveryService.Surface", "P97.Atlas.Federation.DeliveryService.Surface\P97.Atlas.Federation.DeliveryService.Surface.csproj", "{09C8B801-33F7-4ADD-8FAF-E62C73AAFA1E}"
EndProject
Project("{9A19103F-16F7-4668-BE54-9A1E7A4F7556}") = "P97.Atlas.Federation.DeliveryService", "P97.Atlas.Federation.DeliveryService\P97.Atlas.Federation.DeliveryService.csproj", "{66EB43AB-5201-4B9C-8FAD-08EF4A1727A7}"
EndProject
Project("{9A19103F-16F7-4668-BE54-9A1E7A4F7556}") = "P97.Atlas.Federation.DeliveryService.Microservice", "P97.Atlas.Federation.DeliveryService.Microservice\P97.Atlas.Federation.DeliveryService.Microservice.csproj", "{75ED67B5-8667-4F7B-A584-D7DAAFB9E73F}"
EndProject
Project("{9A19103F-16F7-4668-BE54-9A1E7A4F7556}") = "P97.SnowmanMaterialSupplier.Microservice.AtlasSapporo", "P97.SnowmanMaterialSupplier.Microservice.AtlasSapporo\P97.SnowmanMaterialSupplier.Microservice.AtlasSapporo.csproj", "{E30F3161-B55E-413A-B591-E62E1D34A1CD}"
EndProject
Project("{9A19103F-16F7-4668-BE54-9A1E7A4F7556}") = "P97.SnowmanBuilder.Microservice.AtlasSapporo", "P97.SnowmanBuilder.Microservice.AtlasSapporo\P97.SnowmanBuilder.Microservice.AtlasSapporo.csproj", "{2866C9BC-5B8D-4B9A-B34E-47FB3AF2BEC9}"
EndProject
Project("{9A19103F-16F7-4668-BE54-9A1E7A4F7556}") = "P97.CactusMaterialSupplier.Microservice.AtlasPhoenix", "P97.CactusMaterialSupplier.Microservice.AtlasPhoenix\P97.CactusMaterialSupplier.Microservice.AtlasPhoenix.csproj", "{85C5BF2D-5D78-4656-BE5E-08603951B471}"
EndProject
Project("{9A19103F-16F7-4668-BE54-9A1E7A4F7556}") = "P97.CactusBuilder.Microservice.AtlasPhoenix", "P97.CactusBuilder.Microservice.AtlasPhoenix\P97.CactusBuilder.Microservice.AtlasPhoenix.csproj", "{7C940E0A-8994-4438-B8C4-9B8A8921BF93}"
EndProject
Project("{9A19103F-16F7-4668-BE54-9A1E7A4F7556}") = "P97.Atlas.Federation.BaseAdapters", "P97.Atlas.Federation.BaseAdapters\P97.Atlas.Federation.BaseAdapters.csproj", "{72E2CF5D-F759-4BEF-9971-84F143BD3142}"
EndProject
Project("{9A19103F-16F7-4668-BE54-9A1E7A4F7556}") = "P97.CactusMaterialSupplier.AtlasPhoenix", "P97.CactusMaterialSupplier.AtlasPhoenix\P97.CactusMaterialSupplier.AtlasPhoenix.csproj", "{78C6B157-F9D7-4961-BAA3-03C0740B4582}"
EndProject
Project("{9A19103F-16F7-4668-BE54-9A1E7A4F7556}") = "P97.CactusMaterialSupplier.AtlasPhoenix.Surface", "P97.CactusMaterialSupplier.AtlasPhoenix.Surface\P97.CactusMaterialSupplier.AtlasPhoenix.Surface.csproj", "{E449CE1C-E37C-462C-8C06-C6995F204F51}"
EndProject
Project("{9A19103F-16F7-4668-BE54-9A1E7A4F7556}") = "P97.SnowmanMaterialSupplier.AtlasSapporo", "P97.SnowmanMaterialSupplier.AtlasSapporo\P97.SnowmanMaterialSupplier.AtlasSapporo.csproj", "{0BF6018E-2515-4E33-A814-70DFFDCA0DD2}"
EndProject
Project("{9A19103F-16F7-4668-BE54-9A1E7A4F7556}") = "P97.SnowmanMaterialSupplier.AtlasSapporo.Surface", "P97.SnowmanMaterialSupplier.AtlasSapporo.Surface\P97.SnowmanMaterialSupplier.AtlasSapporo.Surface.csproj", "{3582BF4D-A306-4F59-9E65-20A610161061}"
EndProject
Global
	GlobalSection(SolutionConfigurationPlatforms) = preSolution
		Debug|Any CPU = Debug|Any CPU
		Release|Any CPU = Release|Any CPU
	EndGlobalSection
	GlobalSection(ProjectConfigurationPlatforms) = postSolution
		{693D9B0E-215D-4039-81F0-C2BE3A4B9D40}.Debug|Any CPU.ActiveCfg = Debug|Any CPU
		{693D9B0E-215D-4039-81F0-C2BE3A4B9D40}.Debug|Any CPU.Build.0 = Debug|Any CPU
		{693D9B0E-215D-4039-81F0-C2BE3A4B9D40}.Release|Any CPU.ActiveCfg = Release|Any CPU
		{693D9B0E-215D-4039-81F0-C2BE3A4B9D40}.Release|Any CPU.Build.0 = Release|Any CPU
		{1E0A2460-77DA-461F-91BE-5119B611E293}.Debug|Any CPU.ActiveCfg = Debug|Any CPU
		{1E0A2460-77DA-461F-91BE-5119B611E293}.Debug|Any CPU.Build.0 = Debug|Any CPU
		{1E0A2460-77DA-461F-91BE-5119B611E293}.Release|Any CPU.ActiveCfg = Release|Any CPU
		{1E0A2460-77DA-461F-91BE-5119B611E293}.Release|Any CPU.Build.0 = Release|Any CPU
		{BFB2346F-1220-4AA4-B606-21808BBD06BF}.Debug|Any CPU.ActiveCfg = Debug|Any CPU
		{BFB2346F-1220-4AA4-B606-21808BBD06BF}.Debug|Any CPU.Build.0 = Debug|Any CPU
		{BFB2346F-1220-4AA4-B606-21808BBD06BF}.Release|Any CPU.ActiveCfg = Release|Any CPU
		{BFB2346F-1220-4AA4-B606-21808BBD06BF}.Release|Any CPU.Build.0 = Release|Any CPU
		{C465FEA2-AD9B-4C46-8689-D6ADA083FE61}.Debug|Any CPU.ActiveCfg = Debug|Any CPU
		{C465FEA2-AD9B-4C46-8689-D6ADA083FE61}.Debug|Any CPU.Build.0 = Debug|Any CPU
		{C465FEA2-AD9B-4C46-8689-D6ADA083FE61}.Release|Any CPU.ActiveCfg = Release|Any CPU
		{C465FEA2-AD9B-4C46-8689-D6ADA083FE61}.Release|Any CPU.Build.0 = Release|Any CPU
		{9D61E14D-E48C-4288-B7E3-D123A50CE339}.Debug|Any CPU.ActiveCfg = Debug|Any CPU
		{9D61E14D-E48C-4288-B7E3-D123A50CE339}.Debug|Any CPU.Build.0 = Debug|Any CPU
		{9D61E14D-E48C-4288-B7E3-D123A50CE339}.Release|Any CPU.ActiveCfg = Release|Any CPU
		{9D61E14D-E48C-4288-B7E3-D123A50CE339}.Release|Any CPU.Build.0 = Release|Any CPU
		{B6DAFF12-1ADD-404E-AAEA-D64C3992C0B4}.Debug|Any CPU.ActiveCfg = Debug|Any CPU
		{B6DAFF12-1ADD-404E-AAEA-D64C3992C0B4}.Debug|Any CPU.Build.0 = Debug|Any CPU
		{B6DAFF12-1ADD-404E-AAEA-D64C3992C0B4}.Release|Any CPU.ActiveCfg = Release|Any CPU
		{B6DAFF12-1ADD-404E-AAEA-D64C3992C0B4}.Release|Any CPU.Build.0 = Release|Any CPU
		{2E0A0B33-5945-46F7-8C42-AB472EA187EB}.Debug|Any CPU.ActiveCfg = Debug|Any CPU
		{2E0A0B33-5945-46F7-8C42-AB472EA187EB}.Debug|Any CPU.Build.0 = Debug|Any CPU
		{2E0A0B33-5945-46F7-8C42-AB472EA187EB}.Release|Any CPU.ActiveCfg = Release|Any CPU
		{2E0A0B33-5945-46F7-8C42-AB472EA187EB}.Release|Any CPU.Build.0 = Release|Any CPU
		{B5972F26-12A1-465A-A1E6-9D63C9BECADB}.Debug|Any CPU.ActiveCfg = Debug|Any CPU
		{B5972F26-12A1-465A-A1E6-9D63C9BECADB}.Debug|Any CPU.Build.0 = Debug|Any CPU
		{B5972F26-12A1-465A-A1E6-9D63C9BECADB}.Release|Any CPU.ActiveCfg = Release|Any CPU
		{B5972F26-12A1-465A-A1E6-9D63C9BECADB}.Release|Any CPU.Build.0 = Release|Any CPU
		{2451218B-C7A8-431B-A6DF-204E369F5EC7}.Debug|Any CPU.ActiveCfg = Debug|Any CPU
		{2451218B-C7A8-431B-A6DF-204E369F5EC7}.Debug|Any CPU.Build.0 = Debug|Any CPU
		{2451218B-C7A8-431B-A6DF-204E369F5EC7}.Release|Any CPU.ActiveCfg = Release|Any CPU
		{2451218B-C7A8-431B-A6DF-204E369F5EC7}.Release|Any CPU.Build.0 = Release|Any CPU
		{55719563-AAEC-470C-AC7D-AB360320AA0B}.Debug|Any CPU.ActiveCfg = Debug|Any CPU
		{55719563-AAEC-470C-AC7D-AB360320AA0B}.Debug|Any CPU.Build.0 = Debug|Any CPU
		{55719563-AAEC-470C-AC7D-AB360320AA0B}.Release|Any CPU.ActiveCfg = Release|Any CPU
		{55719563-AAEC-470C-AC7D-AB360320AA0B}.Release|Any CPU.Build.0 = Release|Any CPU
		{4187D541-7017-472D-A595-34CC750E8EAC}.Debug|Any CPU.ActiveCfg = Debug|Any CPU
		{4187D541-7017-472D-A595-34CC750E8EAC}.Debug|Any CPU.Build.0 = Debug|Any CPU
		{4187D541-7017-472D-A595-34CC750E8EAC}.Release|Any CPU.ActiveCfg = Release|Any CPU
		{4187D541-7017-472D-A595-34CC750E8EAC}.Release|Any CPU.Build.0 = Release|Any CPU
		{99782B9C-3621-4AD8-A7C9-6FB87B55A45A}.Debug|Any CPU.ActiveCfg = Debug|Any CPU
		{99782B9C-3621-4AD8-A7C9-6FB87B55A45A}.Debug|Any CPU.Build.0 = Debug|Any CPU
		{99782B9C-3621-4AD8-A7C9-6FB87B55A45A}.Release|Any CPU.ActiveCfg = Release|Any CPU
		{99782B9C-3621-4AD8-A7C9-6FB87B55A45A}.Release|Any CPU.Build.0 = Release|Any CPU
		{EAE2965F-6350-4D1D-BC7D-CAB29782D869}.Debug|Any CPU.ActiveCfg = Debug|Any CPU
		{EAE2965F-6350-4D1D-BC7D-CAB29782D869}.Debug|Any CPU.Build.0 = Debug|Any CPU
		{EAE2965F-6350-4D1D-BC7D-CAB29782D869}.Release|Any CPU.ActiveCfg = Release|Any CPU
		{EAE2965F-6350-4D1D-BC7D-CAB29782D869}.Release|Any CPU.Build.0 = Release|Any CPU
		{FD72DED5-9A1B-4338-B037-2E595DDCB9B2}.Debug|Any CPU.ActiveCfg = Debug|Any CPU
		{FD72DED5-9A1B-4338-B037-2E595DDCB9B2}.Debug|Any CPU.Build.0 = Debug|Any CPU
		{FD72DED5-9A1B-4338-B037-2E595DDCB9B2}.Release|Any CPU.ActiveCfg = Release|Any CPU
		{FD72DED5-9A1B-4338-B037-2E595DDCB9B2}.Release|Any CPU.Build.0 = Release|Any CPU
		{52192C4B-5682-43DE-A811-5509420D29C2}.Debug|Any CPU.ActiveCfg = Debug|Any CPU
		{52192C4B-5682-43DE-A811-5509420D29C2}.Debug|Any CPU.Build.0 = Debug|Any CPU
		{52192C4B-5682-43DE-A811-5509420D29C2}.Release|Any CPU.ActiveCfg = Release|Any CPU
		{52192C4B-5682-43DE-A811-5509420D29C2}.Release|Any CPU.Build.0 = Release|Any CPU
		{5508F94D-BFFF-4C8F-8B23-FCEA5E43271A}.Debug|Any CPU.ActiveCfg = Debug|Any CPU
		{5508F94D-BFFF-4C8F-8B23-FCEA5E43271A}.Debug|Any CPU.Build.0 = Debug|Any CPU
		{5508F94D-BFFF-4C8F-8B23-FCEA5E43271A}.Release|Any CPU.ActiveCfg = Release|Any CPU
		{5508F94D-BFFF-4C8F-8B23-FCEA5E43271A}.Release|Any CPU.Build.0 = Release|Any CPU
		{88D8BE37-1CAC-4CC3-A553-28B3D173523C}.Debug|Any CPU.ActiveCfg = Debug|Any CPU
		{88D8BE37-1CAC-4CC3-A553-28B3D173523C}.Debug|Any CPU.Build.0 = Debug|Any CPU
		{88D8BE37-1CAC-4CC3-A553-28B3D173523C}.Release|Any CPU.ActiveCfg = Release|Any CPU
		{88D8BE37-1CAC-4CC3-A553-28B3D173523C}.Release|Any CPU.Build.0 = Release|Any CPU
		{9740E3E9-3787-4132-B1F8-58321F1F57CF}.Debug|Any CPU.ActiveCfg = Debug|Any CPU
		{9740E3E9-3787-4132-B1F8-58321F1F57CF}.Debug|Any CPU.Build.0 = Debug|Any CPU
		{9740E3E9-3787-4132-B1F8-58321F1F57CF}.Release|Any CPU.ActiveCfg = Release|Any CPU
		{9740E3E9-3787-4132-B1F8-58321F1F57CF}.Release|Any CPU.Build.0 = Release|Any CPU
		{DDDFDCE1-51EF-44DA-A7C4-25B4F702A720}.Debug|Any CPU.ActiveCfg = Debug|Any CPU
		{DDDFDCE1-51EF-44DA-A7C4-25B4F702A720}.Debug|Any CPU.Build.0 = Debug|Any CPU
		{DDDFDCE1-51EF-44DA-A7C4-25B4F702A720}.Release|Any CPU.ActiveCfg = Release|Any CPU
		{DDDFDCE1-51EF-44DA-A7C4-25B4F702A720}.Release|Any CPU.Build.0 = Release|Any CPU
		{2DB358C9-7F46-478F-8889-74B2A4FB0AEC}.Debug|Any CPU.ActiveCfg = Debug|Any CPU
		{2DB358C9-7F46-478F-8889-74B2A4FB0AEC}.Debug|Any CPU.Build.0 = Debug|Any CPU
		{2DB358C9-7F46-478F-8889-74B2A4FB0AEC}.Release|Any CPU.ActiveCfg = Release|Any CPU
		{2DB358C9-7F46-478F-8889-74B2A4FB0AEC}.Release|Any CPU.Build.0 = Release|Any CPU
		{BD3BEFAD-7306-470C-9444-8156567A5EF3}.Debug|Any CPU.ActiveCfg = Debug|Any CPU
		{BD3BEFAD-7306-470C-9444-8156567A5EF3}.Debug|Any CPU.Build.0 = Debug|Any CPU
		{BD3BEFAD-7306-470C-9444-8156567A5EF3}.Release|Any CPU.ActiveCfg = Release|Any CPU
		{BD3BEFAD-7306-470C-9444-8156567A5EF3}.Release|Any CPU.Build.0 = Release|Any CPU
		{7B3775F8-4A06-4A2A-9A46-ED8A581AD49B}.Debug|Any CPU.ActiveCfg = Debug|Any CPU
		{7B3775F8-4A06-4A2A-9A46-ED8A581AD49B}.Debug|Any CPU.Build.0 = Debug|Any CPU
		{7B3775F8-4A06-4A2A-9A46-ED8A581AD49B}.Release|Any CPU.ActiveCfg = Release|Any CPU
		{7B3775F8-4A06-4A2A-9A46-ED8A581AD49B}.Release|Any CPU.Build.0 = Release|Any CPU
		{3F4927C9-FBE1-450C-A772-C7EF8A3B23D7}.Debug|Any CPU.ActiveCfg = Debug|Any CPU
		{3F4927C9-FBE1-450C-A772-C7EF8A3B23D7}.Debug|Any CPU.Build.0 = Debug|Any CPU
		{3F4927C9-FBE1-450C-A772-C7EF8A3B23D7}.Release|Any CPU.ActiveCfg = Release|Any CPU
		{3F4927C9-FBE1-450C-A772-C7EF8A3B23D7}.Release|Any CPU.Build.0 = Release|Any CPU
		{09C8B801-33F7-4ADD-8FAF-E62C73AAFA1E}.Debug|Any CPU.ActiveCfg = Debug|Any CPU
		{09C8B801-33F7-4ADD-8FAF-E62C73AAFA1E}.Debug|Any CPU.Build.0 = Debug|Any CPU
		{09C8B801-33F7-4ADD-8FAF-E62C73AAFA1E}.Release|Any CPU.ActiveCfg = Release|Any CPU
		{09C8B801-33F7-4ADD-8FAF-E62C73AAFA1E}.Release|Any CPU.Build.0 = Release|Any CPU
		{66EB43AB-5201-4B9C-8FAD-08EF4A1727A7}.Debug|Any CPU.ActiveCfg = Debug|Any CPU
		{66EB43AB-5201-4B9C-8FAD-08EF4A1727A7}.Debug|Any CPU.Build.0 = Debug|Any CPU
		{66EB43AB-5201-4B9C-8FAD-08EF4A1727A7}.Release|Any CPU.ActiveCfg = Release|Any CPU
		{66EB43AB-5201-4B9C-8FAD-08EF4A1727A7}.Release|Any CPU.Build.0 = Release|Any CPU
		{75ED67B5-8667-4F7B-A584-D7DAAFB9E73F}.Debug|Any CPU.ActiveCfg = Debug|Any CPU
		{75ED67B5-8667-4F7B-A584-D7DAAFB9E73F}.Debug|Any CPU.Build.0 = Debug|Any CPU
		{75ED67B5-8667-4F7B-A584-D7DAAFB9E73F}.Release|Any CPU.ActiveCfg = Release|Any CPU
		{75ED67B5-8667-4F7B-A584-D7DAAFB9E73F}.Release|Any CPU.Build.0 = Release|Any CPU
		{E30F3161-B55E-413A-B591-E62E1D34A1CD}.Debug|Any CPU.ActiveCfg = Debug|Any CPU
		{E30F3161-B55E-413A-B591-E62E1D34A1CD}.Debug|Any CPU.Build.0 = Debug|Any CPU
		{E30F3161-B55E-413A-B591-E62E1D34A1CD}.Release|Any CPU.ActiveCfg = Release|Any CPU
		{E30F3161-B55E-413A-B591-E62E1D34A1CD}.Release|Any CPU.Build.0 = Release|Any CPU
		{2866C9BC-5B8D-4B9A-B34E-47FB3AF2BEC9}.Debug|Any CPU.ActiveCfg = Debug|Any CPU
		{2866C9BC-5B8D-4B9A-B34E-47FB3AF2BEC9}.Debug|Any CPU.Build.0 = Debug|Any CPU
		{2866C9BC-5B8D-4B9A-B34E-47FB3AF2BEC9}.Release|Any CPU.ActiveCfg = Release|Any CPU
		{2866C9BC-5B8D-4B9A-B34E-47FB3AF2BEC9}.Release|Any CPU.Build.0 = Release|Any CPU
		{85C5BF2D-5D78-4656-BE5E-08603951B471}.Debug|Any CPU.ActiveCfg = Debug|Any CPU
		{85C5BF2D-5D78-4656-BE5E-08603951B471}.Debug|Any CPU.Build.0 = Debug|Any CPU
		{85C5BF2D-5D78-4656-BE5E-08603951B471}.Release|Any CPU.ActiveCfg = Release|Any CPU
		{85C5BF2D-5D78-4656-BE5E-08603951B471}.Release|Any CPU.Build.0 = Release|Any CPU
		{7C940E0A-8994-4438-B8C4-9B8A8921BF93}.Debug|Any CPU.ActiveCfg = Debug|Any CPU
		{7C940E0A-8994-4438-B8C4-9B8A8921BF93}.Debug|Any CPU.Build.0 = Debug|Any CPU
		{7C940E0A-8994-4438-B8C4-9B8A8921BF93}.Release|Any CPU.ActiveCfg = Release|Any CPU
		{7C940E0A-8994-4438-B8C4-9B8A8921BF93}.Release|Any CPU.Build.0 = Release|Any CPU
		{72E2CF5D-F759-4BEF-9971-84F143BD3142}.Debug|Any CPU.ActiveCfg = Debug|Any CPU
		{72E2CF5D-F759-4BEF-9971-84F143BD3142}.Debug|Any CPU.Build.0 = Debug|Any CPU
		{72E2CF5D-F759-4BEF-9971-84F143BD3142}.Release|Any CPU.ActiveCfg = Release|Any CPU
		{72E2CF5D-F759-4BEF-9971-84F143BD3142}.Release|Any CPU.Build.0 = Release|Any CPU
		{78C6B157-F9D7-4961-BAA3-03C0740B4582}.Debug|Any CPU.ActiveCfg = Debug|Any CPU
		{78C6B157-F9D7-4961-BAA3-03C0740B4582}.Debug|Any CPU.Build.0 = Debug|Any CPU
		{78C6B157-F9D7-4961-BAA3-03C0740B4582}.Release|Any CPU.ActiveCfg = Release|Any CPU
		{78C6B157-F9D7-4961-BAA3-03C0740B4582}.Release|Any CPU.Build.0 = Release|Any CPU
		{E449CE1C-E37C-462C-8C06-C6995F204F51}.Debug|Any CPU.ActiveCfg = Debug|Any CPU
		{E449CE1C-E37C-462C-8C06-C6995F204F51}.Debug|Any CPU.Build.0 = Debug|Any CPU
		{E449CE1C-E37C-462C-8C06-C6995F204F51}.Release|Any CPU.ActiveCfg = Release|Any CPU
		{E449CE1C-E37C-462C-8C06-C6995F204F51}.Release|Any CPU.Build.0 = Release|Any CPU
		{0BF6018E-2515-4E33-A814-70DFFDCA0DD2}.Debug|Any CPU.ActiveCfg = Debug|Any CPU
		{0BF6018E-2515-4E33-A814-70DFFDCA0DD2}.Debug|Any CPU.Build.0 = Debug|Any CPU
		{0BF6018E-2515-4E33-A814-70DFFDCA0DD2}.Release|Any CPU.ActiveCfg = Release|Any CPU
		{0BF6018E-2515-4E33-A814-70DFFDCA0DD2}.Release|Any CPU.Build.0 = Release|Any CPU
		{3582BF4D-A306-4F59-9E65-20A610161061}.Debug|Any CPU.ActiveCfg = Debug|Any CPU
		{3582BF4D-A306-4F59-9E65-20A610161061}.Debug|Any CPU.Build.0 = Debug|Any CPU
		{3582BF4D-A306-4F59-9E65-20A610161061}.Release|Any CPU.ActiveCfg = Release|Any CPU
		{3582BF4D-A306-4F59-9E65-20A610161061}.Release|Any CPU.Build.0 = Release|Any CPU
	EndGlobalSection
	GlobalSection(SolutionProperties) = preSolution
		HideSolutionNode = FALSE
	EndGlobalSection
	GlobalSection(ExtensibilityGlobals) = postSolution
		SolutionGuid = {B8FAC4A0-8278-4399-B172-89B5155111FB}
	EndGlobalSection
EndGlobal
